// !$*UTF8*$!
{
	archiveVersion = 1;
	classes = {
	};
	objectVersion = 46;
	objects = {

/* Begin PBXBuildFile section */
		582019481EFCEB55004CA051 /* Test_DLLog.m in Sources */ = {isa = PBXBuildFile; fileRef = 582019471EFCEB55004CA051 /* Test_DLLog.m */; };
		584417671FBC18520075D393 /* ipad_no_network.png in Resources */ = {isa = PBXBuildFile; fileRef = 584417651FBC18520075D393 /* ipad_no_network.png */; };
		584417681FBC18520075D393 /* ipad_no_network@2x.png in Resources */ = {isa = PBXBuildFile; fileRef = 584417661FBC18520075D393 /* ipad_no_network@2x.png */; };
		584417891FBC28D40075D393 /* searchLoading.gif in Resources */ = {isa = PBXBuildFile; fileRef = 584417871FBC28D40075D393 /* searchLoading.gif */; };
		5844178A1FBC28D40075D393 /* searchLoading@2x.gif in Resources */ = {isa = PBXBuildFile; fileRef = 584417881FBC28D40075D393 /* searchLoading@2x.gif */; };
		584417941FBC3B1A0075D393 /* MapModel.m in Sources */ = {isa = PBXBuildFile; fileRef = 584417931FBC3B1A0075D393 /* MapModel.m */; };
		584417991FBC3B220075D393 /* CaptionView.m in Sources */ = {isa = PBXBuildFile; fileRef = 584417961FBC3B220075D393 /* CaptionView.m */; };
		5844179A1FBC3B220075D393 /* LoadingView.m in Sources */ = {isa = PBXBuildFile; fileRef = 584417981FBC3B220075D393 /* LoadingView.m */; };
		5844179F1FBC3B290075D393 /* BaseViewController.m in Sources */ = {isa = PBXBuildFile; fileRef = 5844179C1FBC3B290075D393 /* BaseViewController.m */; };
		584417A01FBC3B290075D393 /* RefreshTableViewController.m in Sources */ = {isa = PBXBuildFile; fileRef = 5844179E1FBC3B290075D393 /* RefreshTableViewController.m */; };
		584417A51FBC3B300075D393 /* BaseViewController+CaptionView.m in Sources */ = {isa = PBXBuildFile; fileRef = 584417A21FBC3B300075D393 /* BaseViewController+CaptionView.m */; };
		584417A61FBC3B300075D393 /* BaseViewController+LoadingView.m in Sources */ = {isa = PBXBuildFile; fileRef = 584417A41FBC3B300075D393 /* BaseViewController+LoadingView.m */; };
		5855393C1F2715E1004B9E84 /* TBViewController.m in Sources */ = {isa = PBXBuildFile; fileRef = 5855393B1F2715E1004B9E84 /* TBViewController.m */; };
		585539401F271A0E004B9E84 /* ExViewController.m in Sources */ = {isa = PBXBuildFile; fileRef = 5855393F1F271A0E004B9E84 /* ExViewController.m */; };
		585539481F271F4C004B9E84 /* EncryViewController.m in Sources */ = {isa = PBXBuildFile; fileRef = 585539471F271F4C004B9E84 /* EncryViewController.m */; };
		5855394D1F272330004B9E84 /* Test_DLDESBase64.m in Sources */ = {isa = PBXBuildFile; fileRef = 585539491F272330004B9E84 /* Test_DLDESBase64.m */; };
		5855394E1F272330004B9E84 /* Test_DLAES128.m in Sources */ = {isa = PBXBuildFile; fileRef = 5855394B1F272330004B9E84 /* Test_DLAES128.m */; };
		5855395A1F272341004B9E84 /* Test_NSStringEx.m in Sources */ = {isa = PBXBuildFile; fileRef = 585539521F272341004B9E84 /* Test_NSStringEx.m */; };
		5855395B1F272341004B9E84 /* Test_NSDataEx.m in Sources */ = {isa = PBXBuildFile; fileRef = 585539541F272341004B9E84 /* Test_NSDataEx.m */; };
		5855395C1F272341004B9E84 /* Test_NSURLEx.m in Sources */ = {isa = PBXBuildFile; fileRef = 585539551F272341004B9E84 /* Test_NSURLEx.m */; };
		5855395D1F272341004B9E84 /* Test_NSDateEx.m in Sources */ = {isa = PBXBuildFile; fileRef = 585539581F272341004B9E84 /* Test_NSDateEx.m */; };
		587563FF1EA86634001D6B97 /* Test_DLHttp.m in Sources */ = {isa = PBXBuildFile; fileRef = 587563FE1EA86634001D6B97 /* Test_DLHttp.m */; };
		587564051EA868C3001D6B97 /* Test_DLAppInfo.m in Sources */ = {isa = PBXBuildFile; fileRef = 587564041EA868C3001D6B97 /* Test_DLAppInfo.m */; };
		5875642E1EA8C15A001D6B97 /* Test_DLDocumentPath.m in Sources */ = {isa = PBXBuildFile; fileRef = 5875642D1EA8C15A001D6B97 /* Test_DLDocumentPath.m */; };
		587564311EA8CC4C001D6B97 /* Test_DLDownloadFile.m in Sources */ = {isa = PBXBuildFile; fileRef = 587564301EA8CC4C001D6B97 /* Test_DLDownloadFile.m */; };
		5875DB411FEA66450033703E /* pulldown@2x.gif in Resources */ = {isa = PBXBuildFile; fileRef = 5875DB3F1FEA66440033703E /* pulldown@2x.gif */; };
		5875DB421FEA66450033703E /* pulldown.gif in Resources */ = {isa = PBXBuildFile; fileRef = 5875DB401FEA66440033703E /* pulldown.gif */; };
		5875DB481FEA684B0033703E /* PullToRefreshTable+CustomView.m in Sources */ = {isa = PBXBuildFile; fileRef = 5875DB471FEA684B0033703E /* PullToRefreshTable+CustomView.m */; };
		587C5DB61FDE58BA007F235C /* SegmentViewController.m in Sources */ = {isa = PBXBuildFile; fileRef = 587C5DB51FDE58BA007F235C /* SegmentViewController.m */; };
		587C5DB91FDE5AB0007F235C /* button_selected_animation@2x.png in Resources */ = {isa = PBXBuildFile; fileRef = 587C5DB71FDE5AAF007F235C /* button_selected_animation@2x.png */; };
		587C5DBA1FDE5AB0007F235C /* button_selected_animation.png in Resources */ = {isa = PBXBuildFile; fileRef = 587C5DB81FDE5AAF007F235C /* button_selected_animation.png */; };
		58854EC01F30228F00531D61 /* StatisticViewController.m in Sources */ = {isa = PBXBuildFile; fileRef = 58854EBF1F30228F00531D61 /* StatisticViewController.m */; };
		58854EC31F3023EC00531D61 /* StatisticViewControllerA.m in Sources */ = {isa = PBXBuildFile; fileRef = 58854EC21F3023EC00531D61 /* StatisticViewControllerA.m */; };
		58854EC61F3023FF00531D61 /* StatisticViewControllerB.m in Sources */ = {isa = PBXBuildFile; fileRef = 58854EC51F3023FF00531D61 /* StatisticViewControllerB.m */; };
		58854EC81F30275200531D61 /* Stastic.plist in Resources */ = {isa = PBXBuildFile; fileRef = 58854EC71F30275200531D61 /* Stastic.plist */; };
		58854ED41F30335000531D61 /* AOPStatistic+Handler.m in Sources */ = {isa = PBXBuildFile; fileRef = 58854ED31F30335000531D61 /* AOPStatistic+Handler.m */; };
		58854ED71F305D7200531D61 /* StatisticViewControllerC.m in Sources */ = {isa = PBXBuildFile; fileRef = 58854ED61F305D7200531D61 /* StatisticViewControllerC.m */; };
		588DF5B11EBC190600A90CCC /* Test_DLKeyChain.m in Sources */ = {isa = PBXBuildFile; fileRef = 588DF5B01EBC190600A90CCC /* Test_DLKeyChain.m */; };
		5891BF2A1EADC8790014010D /* Test_DLProtocol.m in Sources */ = {isa = PBXBuildFile; fileRef = 5891BF291EADC8790014010D /* Test_DLProtocol.m */; };
		58B06BFE1E83D2C900C2C661 /* AdSupport.framework in Frameworks */ = {isa = PBXBuildFile; fileRef = 58B06BFD1E83D2C900C2C661 /* AdSupport.framework */; };
		58C75F0D1F3D55950003F6C4 /* MockViewController.m in Sources */ = {isa = PBXBuildFile; fileRef = 58C75F0C1F3D55950003F6C4 /* MockViewController.m */; };
		58C75F0F1F3D576B0003F6C4 /* RequestMock.plist in Resources */ = {isa = PBXBuildFile; fileRef = 58C75F0E1F3D576B0003F6C4 /* RequestMock.plist */; };
		58F8A2FC1F501EE0002EAA1C /* CircleBannerViewController.m in Sources */ = {isa = PBXBuildFile; fileRef = 58F8A2EB1F501EE0002EAA1C /* CircleBannerViewController.m */; };
		58F8A2FD1F501EE0002EAA1C /* ad_banner_background.png in Resources */ = {isa = PBXBuildFile; fileRef = 58F8A2ED1F501EE0002EAA1C /* ad_banner_background.png */; };
		58F8A2FE1F501EE0002EAA1C /* ad_banner_background@2x.png in Resources */ = {isa = PBXBuildFile; fileRef = 58F8A2EE1F501EE0002EAA1C /* ad_banner_background@2x.png */; };
		58F8A2FF1F501EE0002EAA1C /* ad_banner_circle.png in Resources */ = {isa = PBXBuildFile; fileRef = 58F8A2EF1F501EE0002EAA1C /* ad_banner_circle.png */; };
		58F8A3001F501EE0002EAA1C /* ad_banner_circle@2x.png in Resources */ = {isa = PBXBuildFile; fileRef = 58F8A2F01F501EE0002EAA1C /* ad_banner_circle@2x.png */; };
		58F8A3011F501EE0002EAA1C /* ad_banner_rectangle.png in Resources */ = {isa = PBXBuildFile; fileRef = 58F8A2F11F501EE0002EAA1C /* ad_banner_rectangle.png */; };
		58F8A3021F501EE0002EAA1C /* ad_banner_rectangle@2x.png in Resources */ = {isa = PBXBuildFile; fileRef = 58F8A2F21F501EE0002EAA1C /* ad_banner_rectangle@2x.png */; };
		58F8A3031F501EE0002EAA1C /* banner_0.jpg in Resources */ = {isa = PBXBuildFile; fileRef = 58F8A2F31F501EE0002EAA1C /* banner_0.jpg */; };
		58F8A3041F501EE0002EAA1C /* banner_1.jpg in Resources */ = {isa = PBXBuildFile; fileRef = 58F8A2F41F501EE0002EAA1C /* banner_1.jpg */; };
		58F8A3051F501EE0002EAA1C /* banner_2.jpg in Resources */ = {isa = PBXBuildFile; fileRef = 58F8A2F51F501EE0002EAA1C /* banner_2.jpg */; };
		58F8A3061F501EE0002EAA1C /* banner_3.jpg in Resources */ = {isa = PBXBuildFile; fileRef = 58F8A2F61F501EE0002EAA1C /* banner_3.jpg */; };
		58F8A3071F501EE0002EAA1C /* banner_4.jpg in Resources */ = {isa = PBXBuildFile; fileRef = 58F8A2F71F501EE0002EAA1C /* banner_4.jpg */; };
		58F8A3081F501EE0002EAA1C /* banner_5.jpg in Resources */ = {isa = PBXBuildFile; fileRef = 58F8A2F81F501EE0002EAA1C /* banner_5.jpg */; };
		58F8A3091F501EE0002EAA1C /* ComponentRootViewController.m in Sources */ = {isa = PBXBuildFile; fileRef = 58F8A2FB1F501EE0002EAA1C /* ComponentRootViewController.m */; };
		58F8A3681F53C6E1002EAA1C /* VendorsRootViewController.m in Sources */ = {isa = PBXBuildFile; fileRef = 58F8A3671F53C6E1002EAA1C /* VendorsRootViewController.m */; };
		6003F58E195388D20070C39A /* Foundation.framework in Frameworks */ = {isa = PBXBuildFile; fileRef = 6003F58D195388D20070C39A /* Foundation.framework */; };
		6003F590195388D20070C39A /* CoreGraphics.framework in Frameworks */ = {isa = PBXBuildFile; fileRef = 6003F58F195388D20070C39A /* CoreGraphics.framework */; };
		6003F592195388D20070C39A /* UIKit.framework in Frameworks */ = {isa = PBXBuildFile; fileRef = 6003F591195388D20070C39A /* UIKit.framework */; };
		6003F598195388D20070C39A /* InfoPlist.strings in Resources */ = {isa = PBXBuildFile; fileRef = 6003F596195388D20070C39A /* InfoPlist.strings */; };
		6003F59A195388D20070C39A /* main.m in Sources */ = {isa = PBXBuildFile; fileRef = 6003F599195388D20070C39A /* main.m */; };
		6003F59E195388D20070C39A /* DLAppDelegate.m in Sources */ = {isa = PBXBuildFile; fileRef = 6003F59D195388D20070C39A /* DLAppDelegate.m */; };
		6003F5A7195388D20070C39A /* DLViewController.m in Sources */ = {isa = PBXBuildFile; fileRef = 6003F5A6195388D20070C39A /* DLViewController.m */; };
		6003F5A9195388D20070C39A /* Images.xcassets in Resources */ = {isa = PBXBuildFile; fileRef = 6003F5A8195388D20070C39A /* Images.xcassets */; };
		6003F5B0195388D20070C39A /* XCTest.framework in Frameworks */ = {isa = PBXBuildFile; fileRef = 6003F5AF195388D20070C39A /* XCTest.framework */; };
		6003F5B1195388D20070C39A /* Foundation.framework in Frameworks */ = {isa = PBXBuildFile; fileRef = 6003F58D195388D20070C39A /* Foundation.framework */; };
		6003F5B2195388D20070C39A /* UIKit.framework in Frameworks */ = {isa = PBXBuildFile; fileRef = 6003F591195388D20070C39A /* UIKit.framework */; };
		6003F5BA195388D20070C39A /* InfoPlist.strings in Resources */ = {isa = PBXBuildFile; fileRef = 6003F5B8195388D20070C39A /* InfoPlist.strings */; };
		6003F5BC195388D20070C39A /* Tests.m in Sources */ = {isa = PBXBuildFile; fileRef = 6003F5BB195388D20070C39A /* Tests.m */; };
		60C2709B69F3DE4E8648637F /* Pods_DLKit_Tests.framework in Frameworks */ = {isa = PBXBuildFile; fileRef = 5A38884C4475B472723E9E1D /* Pods_DLKit_Tests.framework */; };
		71719F9F1E33DC2100824A3D /* LaunchScreen.storyboard in Resources */ = {isa = PBXBuildFile; fileRef = 71719F9D1E33DC2100824A3D /* LaunchScreen.storyboard */; };
		7368FE6825BA1E43B0505F03 /* Pods_DLKit_Example.framework in Frameworks */ = {isa = PBXBuildFile; fileRef = 0CE890C1438AD4562A9DC7E9 /* Pods_DLKit_Example.framework */; };
		873B8AEB1B1F5CCA007FD442 /* Main.storyboard in Resources */ = {isa = PBXBuildFile; fileRef = 873B8AEA1B1F5CCA007FD442 /* Main.storyboard */; };
/* End PBXBuildFile section */

/* Begin PBXContainerItemProxy section */
		6003F5B3195388D20070C39A /* PBXContainerItemProxy */ = {
			isa = PBXContainerItemProxy;
			containerPortal = 6003F582195388D10070C39A /* Project object */;
			proxyType = 1;
			remoteGlobalIDString = 6003F589195388D20070C39A;
			remoteInfo = DLKit;
		};
/* End PBXContainerItemProxy section */

/* Begin PBXFileReference section */
		0CE890C1438AD4562A9DC7E9 /* Pods_DLKit_Example.framework */ = {isa = PBXFileReference; explicitFileType = wrapper.framework; includeInIndex = 0; path = Pods_DLKit_Example.framework; sourceTree = BUILT_PRODUCTS_DIR; };
		1642409E52B791758F988972 /* DLKit.podspec */ = {isa = PBXFileReference; includeInIndex = 1; lastKnownFileType = text; name = DLKit.podspec; path = ../DLKit.podspec; sourceTree = "<group>"; };
		281BD7B4B30515E7938C8B6B /* LICENSE */ = {isa = PBXFileReference; includeInIndex = 1; lastKnownFileType = text; name = LICENSE; path = ../LICENSE; sourceTree = "<group>"; };
		550A7018D9B3979C68F013E7 /* Pods-DLKit_Example.debug.xcconfig */ = {isa = PBXFileReference; includeInIndex = 1; lastKnownFileType = text.xcconfig; name = "Pods-DLKit_Example.debug.xcconfig"; path = "Pods/Target Support Files/Pods-DLKit_Example/Pods-DLKit_Example.debug.xcconfig"; sourceTree = "<group>"; };
		57729D19D699A6950B2D91E6 /* Pods-DLKit_Example.release.xcconfig */ = {isa = PBXFileReference; includeInIndex = 1; lastKnownFileType = text.xcconfig; name = "Pods-DLKit_Example.release.xcconfig"; path = "Pods/Target Support Files/Pods-DLKit_Example/Pods-DLKit_Example.release.xcconfig"; sourceTree = "<group>"; };
		582019461EFCEB55004CA051 /* Test_DLLog.h */ = {isa = PBXFileReference; fileEncoding = 4; lastKnownFileType = sourcecode.c.h; path = Test_DLLog.h; sourceTree = "<group>"; };
		582019471EFCEB55004CA051 /* Test_DLLog.m */ = {isa = PBXFileReference; fileEncoding = 4; lastKnownFileType = sourcecode.c.objc; path = Test_DLLog.m; sourceTree = "<group>"; };
		584417651FBC18520075D393 /* ipad_no_network.png */ = {isa = PBXFileReference; lastKnownFileType = image.png; path = ipad_no_network.png; sourceTree = "<group>"; };
		584417661FBC18520075D393 /* ipad_no_network@2x.png */ = {isa = PBXFileReference; lastKnownFileType = image.png; path = "ipad_no_network@2x.png"; sourceTree = "<group>"; };
		584417871FBC28D40075D393 /* searchLoading.gif */ = {isa = PBXFileReference; lastKnownFileType = image.gif; path = searchLoading.gif; sourceTree = "<group>"; };
		584417881FBC28D40075D393 /* searchLoading@2x.gif */ = {isa = PBXFileReference; lastKnownFileType = image.gif; path = "searchLoading@2x.gif"; sourceTree = "<group>"; };
		584417921FBC3B1A0075D393 /* MapModel.h */ = {isa = PBXFileReference; fileEncoding = 4; lastKnownFileType = sourcecode.c.h; path = MapModel.h; sourceTree = "<group>"; };
		584417931FBC3B1A0075D393 /* MapModel.m */ = {isa = PBXFileReference; fileEncoding = 4; lastKnownFileType = sourcecode.c.objc; path = MapModel.m; sourceTree = "<group>"; };
		584417951FBC3B220075D393 /* CaptionView.h */ = {isa = PBXFileReference; fileEncoding = 4; lastKnownFileType = sourcecode.c.h; path = CaptionView.h; sourceTree = "<group>"; };
		584417961FBC3B220075D393 /* CaptionView.m */ = {isa = PBXFileReference; fileEncoding = 4; lastKnownFileType = sourcecode.c.objc; path = CaptionView.m; sourceTree = "<group>"; };
		584417971FBC3B220075D393 /* LoadingView.h */ = {isa = PBXFileReference; fileEncoding = 4; lastKnownFileType = sourcecode.c.h; path = LoadingView.h; sourceTree = "<group>"; };
		584417981FBC3B220075D393 /* LoadingView.m */ = {isa = PBXFileReference; fileEncoding = 4; lastKnownFileType = sourcecode.c.objc; path = LoadingView.m; sourceTree = "<group>"; };
		5844179B1FBC3B290075D393 /* BaseViewController.h */ = {isa = PBXFileReference; fileEncoding = 4; lastKnownFileType = sourcecode.c.h; path = BaseViewController.h; sourceTree = "<group>"; };
		5844179C1FBC3B290075D393 /* BaseViewController.m */ = {isa = PBXFileReference; fileEncoding = 4; lastKnownFileType = sourcecode.c.objc; path = BaseViewController.m; sourceTree = "<group>"; };
		5844179D1FBC3B290075D393 /* RefreshTableViewController.h */ = {isa = PBXFileReference; fileEncoding = 4; lastKnownFileType = sourcecode.c.h; path = RefreshTableViewController.h; sourceTree = "<group>"; };
		5844179E1FBC3B290075D393 /* RefreshTableViewController.m */ = {isa = PBXFileReference; fileEncoding = 4; lastKnownFileType = sourcecode.c.objc; path = RefreshTableViewController.m; sourceTree = "<group>"; };
		584417A11FBC3B300075D393 /* BaseViewController+CaptionView.h */ = {isa = PBXFileReference; fileEncoding = 4; lastKnownFileType = sourcecode.c.h; path = "BaseViewController+CaptionView.h"; sourceTree = "<group>"; };
		584417A21FBC3B300075D393 /* BaseViewController+CaptionView.m */ = {isa = PBXFileReference; fileEncoding = 4; lastKnownFileType = sourcecode.c.objc; path = "BaseViewController+CaptionView.m"; sourceTree = "<group>"; };
		584417A31FBC3B300075D393 /* BaseViewController+LoadingView.h */ = {isa = PBXFileReference; fileEncoding = 4; lastKnownFileType = sourcecode.c.h; path = "BaseViewController+LoadingView.h"; sourceTree = "<group>"; };
		584417A41FBC3B300075D393 /* BaseViewController+LoadingView.m */ = {isa = PBXFileReference; fileEncoding = 4; lastKnownFileType = sourcecode.c.objc; path = "BaseViewController+LoadingView.m"; sourceTree = "<group>"; };
		5855393A1F2715E1004B9E84 /* TBViewController.h */ = {isa = PBXFileReference; fileEncoding = 4; lastKnownFileType = sourcecode.c.h; path = TBViewController.h; sourceTree = "<group>"; };
		5855393B1F2715E1004B9E84 /* TBViewController.m */ = {isa = PBXFileReference; fileEncoding = 4; lastKnownFileType = sourcecode.c.objc; path = TBViewController.m; sourceTree = "<group>"; };
		5855393E1F271A0E004B9E84 /* ExViewController.h */ = {isa = PBXFileReference; fileEncoding = 4; lastKnownFileType = sourcecode.c.h; path = ExViewController.h; sourceTree = "<group>"; };
		5855393F1F271A0E004B9E84 /* ExViewController.m */ = {isa = PBXFileReference; fileEncoding = 4; lastKnownFileType = sourcecode.c.objc; path = ExViewController.m; sourceTree = "<group>"; };
		585539461F271F4C004B9E84 /* EncryViewController.h */ = {isa = PBXFileReference; fileEncoding = 4; lastKnownFileType = sourcecode.c.h; path = EncryViewController.h; sourceTree = "<group>"; };
		585539471F271F4C004B9E84 /* EncryViewController.m */ = {isa = PBXFileReference; fileEncoding = 4; lastKnownFileType = sourcecode.c.objc; path = EncryViewController.m; sourceTree = "<group>"; };
		585539491F272330004B9E84 /* Test_DLDESBase64.m */ = {isa = PBXFileReference; fileEncoding = 4; lastKnownFileType = sourcecode.c.objc; path = Test_DLDESBase64.m; sourceTree = "<group>"; };
		5855394A1F272330004B9E84 /* Test_DLAES128.h */ = {isa = PBXFileReference; fileEncoding = 4; lastKnownFileType = sourcecode.c.h; path = Test_DLAES128.h; sourceTree = "<group>"; };
		5855394B1F272330004B9E84 /* Test_DLAES128.m */ = {isa = PBXFileReference; fileEncoding = 4; lastKnownFileType = sourcecode.c.objc; path = Test_DLAES128.m; sourceTree = "<group>"; };
		5855394C1F272330004B9E84 /* Test_DLDESBase64.h */ = {isa = PBXFileReference; fileEncoding = 4; lastKnownFileType = sourcecode.c.h; path = Test_DLDESBase64.h; sourceTree = "<group>"; };
		585539521F272341004B9E84 /* Test_NSStringEx.m */ = {isa = PBXFileReference; fileEncoding = 4; lastKnownFileType = sourcecode.c.objc; path = Test_NSStringEx.m; sourceTree = "<group>"; };
		585539531F272341004B9E84 /* Test_NSURLEx.h */ = {isa = PBXFileReference; fileEncoding = 4; lastKnownFileType = sourcecode.c.h; path = Test_NSURLEx.h; sourceTree = "<group>"; };
		585539541F272341004B9E84 /* Test_NSDataEx.m */ = {isa = PBXFileReference; fileEncoding = 4; lastKnownFileType = sourcecode.c.objc; path = Test_NSDataEx.m; sourceTree = "<group>"; };
		585539551F272341004B9E84 /* Test_NSURLEx.m */ = {isa = PBXFileReference; fileEncoding = 4; lastKnownFileType = sourcecode.c.objc; path = Test_NSURLEx.m; sourceTree = "<group>"; };
		585539561F272341004B9E84 /* Test_NSDateEx.h */ = {isa = PBXFileReference; fileEncoding = 4; lastKnownFileType = sourcecode.c.h; path = Test_NSDateEx.h; sourceTree = "<group>"; };
		585539571F272341004B9E84 /* Test_NSDataEx.h */ = {isa = PBXFileReference; fileEncoding = 4; lastKnownFileType = sourcecode.c.h; path = Test_NSDataEx.h; sourceTree = "<group>"; };
		585539581F272341004B9E84 /* Test_NSDateEx.m */ = {isa = PBXFileReference; fileEncoding = 4; lastKnownFileType = sourcecode.c.objc; path = Test_NSDateEx.m; sourceTree = "<group>"; };
		585539591F272341004B9E84 /* Test_NSStringEx.h */ = {isa = PBXFileReference; fileEncoding = 4; lastKnownFileType = sourcecode.c.h; path = Test_NSStringEx.h; sourceTree = "<group>"; };
		587563FD1EA86634001D6B97 /* Test_DLHttp.h */ = {isa = PBXFileReference; fileEncoding = 4; lastKnownFileType = sourcecode.c.h; path = Test_DLHttp.h; sourceTree = "<group>"; };
		587563FE1EA86634001D6B97 /* Test_DLHttp.m */ = {isa = PBXFileReference; fileEncoding = 4; lastKnownFileType = sourcecode.c.objc; path = Test_DLHttp.m; sourceTree = "<group>"; };
		587564031EA868C3001D6B97 /* Test_DLAppInfo.h */ = {isa = PBXFileReference; fileEncoding = 4; lastKnownFileType = sourcecode.c.h; path = Test_DLAppInfo.h; sourceTree = "<group>"; };
		587564041EA868C3001D6B97 /* Test_DLAppInfo.m */ = {isa = PBXFileReference; fileEncoding = 4; lastKnownFileType = sourcecode.c.objc; path = Test_DLAppInfo.m; sourceTree = "<group>"; };
		5875642C1EA8C15A001D6B97 /* Test_DLDocumentPath.h */ = {isa = PBXFileReference; fileEncoding = 4; lastKnownFileType = sourcecode.c.h; path = Test_DLDocumentPath.h; sourceTree = "<group>"; };
		5875642D1EA8C15A001D6B97 /* Test_DLDocumentPath.m */ = {isa = PBXFileReference; fileEncoding = 4; lastKnownFileType = sourcecode.c.objc; path = Test_DLDocumentPath.m; sourceTree = "<group>"; };
		5875642F1EA8CC4C001D6B97 /* Test_DLDownloadFile.h */ = {isa = PBXFileReference; fileEncoding = 4; lastKnownFileType = sourcecode.c.h; path = Test_DLDownloadFile.h; sourceTree = "<group>"; };
		587564301EA8CC4C001D6B97 /* Test_DLDownloadFile.m */ = {isa = PBXFileReference; fileEncoding = 4; lastKnownFileType = sourcecode.c.objc; path = Test_DLDownloadFile.m; sourceTree = "<group>"; };
		5875DB3F1FEA66440033703E /* pulldown@2x.gif */ = {isa = PBXFileReference; lastKnownFileType = image.gif; path = "pulldown@2x.gif"; sourceTree = "<group>"; };
		5875DB401FEA66440033703E /* pulldown.gif */ = {isa = PBXFileReference; lastKnownFileType = image.gif; path = pulldown.gif; sourceTree = "<group>"; };
		5875DB461FEA684B0033703E /* PullToRefreshTable+CustomView.h */ = {isa = PBXFileReference; lastKnownFileType = sourcecode.c.h; path = "PullToRefreshTable+CustomView.h"; sourceTree = "<group>"; };
		5875DB471FEA684B0033703E /* PullToRefreshTable+CustomView.m */ = {isa = PBXFileReference; lastKnownFileType = sourcecode.c.objc; path = "PullToRefreshTable+CustomView.m"; sourceTree = "<group>"; };
		587C5DB41FDE58BA007F235C /* SegmentViewController.h */ = {isa = PBXFileReference; lastKnownFileType = sourcecode.c.h; path = SegmentViewController.h; sourceTree = "<group>"; };
		587C5DB51FDE58BA007F235C /* SegmentViewController.m */ = {isa = PBXFileReference; lastKnownFileType = sourcecode.c.objc; path = SegmentViewController.m; sourceTree = "<group>"; };
		587C5DB71FDE5AAF007F235C /* button_selected_animation@2x.png */ = {isa = PBXFileReference; lastKnownFileType = image.png; path = "button_selected_animation@2x.png"; sourceTree = "<group>"; };
		587C5DB81FDE5AAF007F235C /* button_selected_animation.png */ = {isa = PBXFileReference; lastKnownFileType = image.png; path = button_selected_animation.png; sourceTree = "<group>"; };
		58854EBE1F30228F00531D61 /* StatisticViewController.h */ = {isa = PBXFileReference; fileEncoding = 4; lastKnownFileType = sourcecode.c.h; path = StatisticViewController.h; sourceTree = "<group>"; };
		58854EBF1F30228F00531D61 /* StatisticViewController.m */ = {isa = PBXFileReference; fileEncoding = 4; lastKnownFileType = sourcecode.c.objc; path = StatisticViewController.m; sourceTree = "<group>"; };
		58854EC11F3023EC00531D61 /* StatisticViewControllerA.h */ = {isa = PBXFileReference; fileEncoding = 4; lastKnownFileType = sourcecode.c.h; path = StatisticViewControllerA.h; sourceTree = "<group>"; };
		58854EC21F3023EC00531D61 /* StatisticViewControllerA.m */ = {isa = PBXFileReference; fileEncoding = 4; lastKnownFileType = sourcecode.c.objc; path = StatisticViewControllerA.m; sourceTree = "<group>"; };
		58854EC41F3023FF00531D61 /* StatisticViewControllerB.h */ = {isa = PBXFileReference; fileEncoding = 4; lastKnownFileType = sourcecode.c.h; path = StatisticViewControllerB.h; sourceTree = "<group>"; };
		58854EC51F3023FF00531D61 /* StatisticViewControllerB.m */ = {isa = PBXFileReference; fileEncoding = 4; lastKnownFileType = sourcecode.c.objc; path = StatisticViewControllerB.m; sourceTree = "<group>"; };
		58854EC71F30275200531D61 /* Stastic.plist */ = {isa = PBXFileReference; lastKnownFileType = text.plist; path = Stastic.plist; sourceTree = "<group>"; };
		58854ED21F30335000531D61 /* AOPStatistic+Handler.h */ = {isa = PBXFileReference; fileEncoding = 4; lastKnownFileType = sourcecode.c.h; path = "AOPStatistic+Handler.h"; sourceTree = "<group>"; };
		58854ED31F30335000531D61 /* AOPStatistic+Handler.m */ = {isa = PBXFileReference; fileEncoding = 4; lastKnownFileType = sourcecode.c.objc; path = "AOPStatistic+Handler.m"; sourceTree = "<group>"; };
		58854ED51F305D7200531D61 /* StatisticViewControllerC.h */ = {isa = PBXFileReference; fileEncoding = 4; lastKnownFileType = sourcecode.c.h; path = StatisticViewControllerC.h; sourceTree = "<group>"; };
		58854ED61F305D7200531D61 /* StatisticViewControllerC.m */ = {isa = PBXFileReference; fileEncoding = 4; lastKnownFileType = sourcecode.c.objc; path = StatisticViewControllerC.m; sourceTree = "<group>"; };
		588DF5AF1EBC190600A90CCC /* Test_DLKeyChain.h */ = {isa = PBXFileReference; fileEncoding = 4; lastKnownFileType = sourcecode.c.h; path = Test_DLKeyChain.h; sourceTree = "<group>"; };
		588DF5B01EBC190600A90CCC /* Test_DLKeyChain.m */ = {isa = PBXFileReference; fileEncoding = 4; lastKnownFileType = sourcecode.c.objc; path = Test_DLKeyChain.m; sourceTree = "<group>"; };
		5891BF281EADC8790014010D /* Test_DLProtocol.h */ = {isa = PBXFileReference; fileEncoding = 4; lastKnownFileType = sourcecode.c.h; path = Test_DLProtocol.h; sourceTree = "<group>"; };
		5891BF291EADC8790014010D /* Test_DLProtocol.m */ = {isa = PBXFileReference; fileEncoding = 4; lastKnownFileType = sourcecode.c.objc; path = Test_DLProtocol.m; sourceTree = "<group>"; };
		58B06BFD1E83D2C900C2C661 /* AdSupport.framework */ = {isa = PBXFileReference; lastKnownFileType = wrapper.framework; name = AdSupport.framework; path = System/Library/Frameworks/AdSupport.framework; sourceTree = SDKROOT; };
		58C75F0B1F3D55950003F6C4 /* MockViewController.h */ = {isa = PBXFileReference; fileEncoding = 4; lastKnownFileType = sourcecode.c.h; path = MockViewController.h; sourceTree = "<group>"; };
		58C75F0C1F3D55950003F6C4 /* MockViewController.m */ = {isa = PBXFileReference; fileEncoding = 4; lastKnownFileType = sourcecode.c.objc; path = MockViewController.m; sourceTree = "<group>"; };
		58C75F0E1F3D576B0003F6C4 /* RequestMock.plist */ = {isa = PBXFileReference; lastKnownFileType = text.plist; path = RequestMock.plist; sourceTree = "<group>"; };
		58F8A2EA1F501EE0002EAA1C /* CircleBannerViewController.h */ = {isa = PBXFileReference; fileEncoding = 4; lastKnownFileType = sourcecode.c.h; path = CircleBannerViewController.h; sourceTree = "<group>"; };
		58F8A2EB1F501EE0002EAA1C /* CircleBannerViewController.m */ = {isa = PBXFileReference; fileEncoding = 4; lastKnownFileType = sourcecode.c.objc; path = CircleBannerViewController.m; sourceTree = "<group>"; };
		58F8A2ED1F501EE0002EAA1C /* ad_banner_background.png */ = {isa = PBXFileReference; lastKnownFileType = image.png; path = ad_banner_background.png; sourceTree = "<group>"; };
		58F8A2EE1F501EE0002EAA1C /* ad_banner_background@2x.png */ = {isa = PBXFileReference; lastKnownFileType = image.png; path = "ad_banner_background@2x.png"; sourceTree = "<group>"; };
		58F8A2EF1F501EE0002EAA1C /* ad_banner_circle.png */ = {isa = PBXFileReference; lastKnownFileType = image.png; path = ad_banner_circle.png; sourceTree = "<group>"; };
		58F8A2F01F501EE0002EAA1C /* ad_banner_circle@2x.png */ = {isa = PBXFileReference; lastKnownFileType = image.png; path = "ad_banner_circle@2x.png"; sourceTree = "<group>"; };
		58F8A2F11F501EE0002EAA1C /* ad_banner_rectangle.png */ = {isa = PBXFileReference; lastKnownFileType = image.png; path = ad_banner_rectangle.png; sourceTree = "<group>"; };
		58F8A2F21F501EE0002EAA1C /* ad_banner_rectangle@2x.png */ = {isa = PBXFileReference; lastKnownFileType = image.png; path = "ad_banner_rectangle@2x.png"; sourceTree = "<group>"; };
		58F8A2F31F501EE0002EAA1C /* banner_0.jpg */ = {isa = PBXFileReference; lastKnownFileType = image.jpeg; path = banner_0.jpg; sourceTree = "<group>"; };
		58F8A2F41F501EE0002EAA1C /* banner_1.jpg */ = {isa = PBXFileReference; lastKnownFileType = image.jpeg; path = banner_1.jpg; sourceTree = "<group>"; };
		58F8A2F51F501EE0002EAA1C /* banner_2.jpg */ = {isa = PBXFileReference; lastKnownFileType = image.jpeg; path = banner_2.jpg; sourceTree = "<group>"; };
		58F8A2F61F501EE0002EAA1C /* banner_3.jpg */ = {isa = PBXFileReference; lastKnownFileType = image.jpeg; path = banner_3.jpg; sourceTree = "<group>"; };
		58F8A2F71F501EE0002EAA1C /* banner_4.jpg */ = {isa = PBXFileReference; lastKnownFileType = image.jpeg; path = banner_4.jpg; sourceTree = "<group>"; };
		58F8A2F81F501EE0002EAA1C /* banner_5.jpg */ = {isa = PBXFileReference; lastKnownFileType = image.jpeg; path = banner_5.jpg; sourceTree = "<group>"; };
		58F8A2FA1F501EE0002EAA1C /* ComponentRootViewController.h */ = {isa = PBXFileReference; fileEncoding = 4; lastKnownFileType = sourcecode.c.h; path = ComponentRootViewController.h; sourceTree = "<group>"; };
		58F8A2FB1F501EE0002EAA1C /* ComponentRootViewController.m */ = {isa = PBXFileReference; fileEncoding = 4; lastKnownFileType = sourcecode.c.objc; path = ComponentRootViewController.m; sourceTree = "<group>"; };
		58F8A3661F53C6E1002EAA1C /* VendorsRootViewController.h */ = {isa = PBXFileReference; fileEncoding = 4; lastKnownFileType = sourcecode.c.h; path = VendorsRootViewController.h; sourceTree = "<group>"; };
		58F8A3671F53C6E1002EAA1C /* VendorsRootViewController.m */ = {isa = PBXFileReference; fileEncoding = 4; lastKnownFileType = sourcecode.c.objc; path = VendorsRootViewController.m; sourceTree = "<group>"; };
		5A38884C4475B472723E9E1D /* Pods_DLKit_Tests.framework */ = {isa = PBXFileReference; explicitFileType = wrapper.framework; includeInIndex = 0; path = Pods_DLKit_Tests.framework; sourceTree = BUILT_PRODUCTS_DIR; };
		6003F58A195388D20070C39A /* DLKit_Example.app */ = {isa = PBXFileReference; explicitFileType = wrapper.application; includeInIndex = 0; path = DLKit_Example.app; sourceTree = BUILT_PRODUCTS_DIR; };
		6003F58D195388D20070C39A /* Foundation.framework */ = {isa = PBXFileReference; lastKnownFileType = wrapper.framework; name = Foundation.framework; path = System/Library/Frameworks/Foundation.framework; sourceTree = SDKROOT; };
		6003F58F195388D20070C39A /* CoreGraphics.framework */ = {isa = PBXFileReference; lastKnownFileType = wrapper.framework; name = CoreGraphics.framework; path = System/Library/Frameworks/CoreGraphics.framework; sourceTree = SDKROOT; };
		6003F591195388D20070C39A /* UIKit.framework */ = {isa = PBXFileReference; lastKnownFileType = wrapper.framework; name = UIKit.framework; path = System/Library/Frameworks/UIKit.framework; sourceTree = SDKROOT; };
		6003F595195388D20070C39A /* DLKit-Info.plist */ = {isa = PBXFileReference; lastKnownFileType = text.plist.xml; path = "DLKit-Info.plist"; sourceTree = "<group>"; };
		6003F597195388D20070C39A /* en */ = {isa = PBXFileReference; lastKnownFileType = text.plist.strings; name = en; path = en.lproj/InfoPlist.strings; sourceTree = "<group>"; };
		6003F599195388D20070C39A /* main.m */ = {isa = PBXFileReference; lastKnownFileType = sourcecode.c.objc; path = main.m; sourceTree = "<group>"; };
		6003F59B195388D20070C39A /* DLKit-Prefix.pch */ = {isa = PBXFileReference; lastKnownFileType = sourcecode.c.h; path = "DLKit-Prefix.pch"; sourceTree = "<group>"; };
		6003F59C195388D20070C39A /* DLAppDelegate.h */ = {isa = PBXFileReference; lastKnownFileType = sourcecode.c.h; path = DLAppDelegate.h; sourceTree = "<group>"; };
		6003F59D195388D20070C39A /* DLAppDelegate.m */ = {isa = PBXFileReference; lastKnownFileType = sourcecode.c.objc; path = DLAppDelegate.m; sourceTree = "<group>"; };
		6003F5A5195388D20070C39A /* DLViewController.h */ = {isa = PBXFileReference; lastKnownFileType = sourcecode.c.h; path = DLViewController.h; sourceTree = "<group>"; };
		6003F5A6195388D20070C39A /* DLViewController.m */ = {isa = PBXFileReference; lastKnownFileType = sourcecode.c.objc; path = DLViewController.m; sourceTree = "<group>"; };
		6003F5A8195388D20070C39A /* Images.xcassets */ = {isa = PBXFileReference; lastKnownFileType = folder.assetcatalog; path = Images.xcassets; sourceTree = "<group>"; };
		6003F5AE195388D20070C39A /* DLKit_Tests.xctest */ = {isa = PBXFileReference; explicitFileType = wrapper.cfbundle; includeInIndex = 0; path = DLKit_Tests.xctest; sourceTree = BUILT_PRODUCTS_DIR; };
		6003F5AF195388D20070C39A /* XCTest.framework */ = {isa = PBXFileReference; lastKnownFileType = wrapper.framework; name = XCTest.framework; path = Library/Frameworks/XCTest.framework; sourceTree = DEVELOPER_DIR; };
		6003F5B7195388D20070C39A /* Tests-Info.plist */ = {isa = PBXFileReference; lastKnownFileType = text.plist.xml; path = "Tests-Info.plist"; sourceTree = "<group>"; };
		6003F5B9195388D20070C39A /* en */ = {isa = PBXFileReference; lastKnownFileType = text.plist.strings; name = en; path = en.lproj/InfoPlist.strings; sourceTree = "<group>"; };
		6003F5BB195388D20070C39A /* Tests.m */ = {isa = PBXFileReference; lastKnownFileType = sourcecode.c.objc; path = Tests.m; sourceTree = "<group>"; };
		606FC2411953D9B200FFA9A0 /* Tests-Prefix.pch */ = {isa = PBXFileReference; lastKnownFileType = sourcecode.c.h; path = "Tests-Prefix.pch"; sourceTree = "<group>"; };
		71719F9E1E33DC2100824A3D /* Base */ = {isa = PBXFileReference; lastKnownFileType = file.storyboard; name = Base; path = Base.lproj/LaunchScreen.storyboard; sourceTree = "<group>"; };
		873B8AEA1B1F5CCA007FD442 /* Main.storyboard */ = {isa = PBXFileReference; fileEncoding = 4; lastKnownFileType = file.storyboard; name = Main.storyboard; path = Base.lproj/Main.storyboard; sourceTree = "<group>"; };
		EBABA03EDE44FF0ABF6C71C3 /* Pods-DLKit_Tests.debug.xcconfig */ = {isa = PBXFileReference; includeInIndex = 1; lastKnownFileType = text.xcconfig; name = "Pods-DLKit_Tests.debug.xcconfig"; path = "Pods/Target Support Files/Pods-DLKit_Tests/Pods-DLKit_Tests.debug.xcconfig"; sourceTree = "<group>"; };
		EBDB0FAC0DF03A2F4D816565 /* Pods-DLKit_Tests.release.xcconfig */ = {isa = PBXFileReference; includeInIndex = 1; lastKnownFileType = text.xcconfig; name = "Pods-DLKit_Tests.release.xcconfig"; path = "Pods/Target Support Files/Pods-DLKit_Tests/Pods-DLKit_Tests.release.xcconfig"; sourceTree = "<group>"; };
		F8054749C2378C2CDD260BC9 /* README.md */ = {isa = PBXFileReference; includeInIndex = 1; lastKnownFileType = net.daringfireball.markdown; name = README.md; path = ../README.md; sourceTree = "<group>"; };
/* End PBXFileReference section */

/* Begin PBXFrameworksBuildPhase section */
		6003F587195388D20070C39A /* Frameworks */ = {
			isa = PBXFrameworksBuildPhase;
			buildActionMask = 2147483647;
			files = (
				58B06BFE1E83D2C900C2C661 /* AdSupport.framework in Frameworks */,
				6003F590195388D20070C39A /* CoreGraphics.framework in Frameworks */,
				6003F592195388D20070C39A /* UIKit.framework in Frameworks */,
				6003F58E195388D20070C39A /* Foundation.framework in Frameworks */,
				7368FE6825BA1E43B0505F03 /* Pods_DLKit_Example.framework in Frameworks */,
			);
			runOnlyForDeploymentPostprocessing = 0;
		};
		6003F5AB195388D20070C39A /* Frameworks */ = {
			isa = PBXFrameworksBuildPhase;
			buildActionMask = 2147483647;
			files = (
				6003F5B0195388D20070C39A /* XCTest.framework in Frameworks */,
				6003F5B2195388D20070C39A /* UIKit.framework in Frameworks */,
				6003F5B1195388D20070C39A /* Foundation.framework in Frameworks */,
				60C2709B69F3DE4E8648637F /* Pods_DLKit_Tests.framework in Frameworks */,
			);
			runOnlyForDeploymentPostprocessing = 0;
		};
/* End PBXFrameworksBuildPhase section */

/* Begin PBXGroup section */
		194FF919380681AF442E8643 /* Pods */ = {
			isa = PBXGroup;
			children = (
				550A7018D9B3979C68F013E7 /* Pods-DLKit_Example.debug.xcconfig */,
				57729D19D699A6950B2D91E6 /* Pods-DLKit_Example.release.xcconfig */,
				EBABA03EDE44FF0ABF6C71C3 /* Pods-DLKit_Tests.debug.xcconfig */,
				EBDB0FAC0DF03A2F4D816565 /* Pods-DLKit_Tests.release.xcconfig */,
			);
			name = Pods;
			sourceTree = "<group>";
		};
		584417641FBC184A0075D393 /* Resourse */ = {
			isa = PBXGroup;
			children = (
				5875DB401FEA66440033703E /* pulldown.gif */,
				5875DB3F1FEA66440033703E /* pulldown@2x.gif */,
				584417871FBC28D40075D393 /* searchLoading.gif */,
				584417881FBC28D40075D393 /* searchLoading@2x.gif */,
				584417651FBC18520075D393 /* ipad_no_network.png */,
				584417661FBC18520075D393 /* ipad_no_network@2x.png */,
			);
			path = Resourse;
			sourceTree = "<group>";
		};
		5844178E1FBC3ABB0075D393 /* Category */ = {
			isa = PBXGroup;
			children = (
				584417A11FBC3B300075D393 /* BaseViewController+CaptionView.h */,
				584417A21FBC3B300075D393 /* BaseViewController+CaptionView.m */,
				584417A31FBC3B300075D393 /* BaseViewController+LoadingView.h */,
				584417A41FBC3B300075D393 /* BaseViewController+LoadingView.m */,
			);
			path = Category;
			sourceTree = "<group>";
		};
		5844178F1FBC3AC80075D393 /* Model */ = {
			isa = PBXGroup;
			children = (
				584417921FBC3B1A0075D393 /* MapModel.h */,
				584417931FBC3B1A0075D393 /* MapModel.m */,
			);
			path = Model;
			sourceTree = "<group>";
		};
		584417901FBC3AD30075D393 /* View */ = {
			isa = PBXGroup;
			children = (
				584417951FBC3B220075D393 /* CaptionView.h */,
				584417961FBC3B220075D393 /* CaptionView.m */,
				584417971FBC3B220075D393 /* LoadingView.h */,
				584417981FBC3B220075D393 /* LoadingView.m */,
				5875DB461FEA684B0033703E /* PullToRefreshTable+CustomView.h */,
				5875DB471FEA684B0033703E /* PullToRefreshTable+CustomView.m */,
			);
			path = View;
			sourceTree = "<group>";
		};
		584417911FBC3ADD0075D393 /* Controller */ = {
			isa = PBXGroup;
			children = (
				5844179B1FBC3B290075D393 /* BaseViewController.h */,
				5844179C1FBC3B290075D393 /* BaseViewController.m */,
				5844179D1FBC3B290075D393 /* RefreshTableViewController.h */,
				5844179E1FBC3B290075D393 /* RefreshTableViewController.m */,
			);
			path = Controller;
			sourceTree = "<group>";
		};
		5855393D1F2719EA004B9E84 /* Extended */ = {
			isa = PBXGroup;
			children = (
				585539521F272341004B9E84 /* Test_NSStringEx.m */,
				585539531F272341004B9E84 /* Test_NSURLEx.h */,
				585539541F272341004B9E84 /* Test_NSDataEx.m */,
				585539551F272341004B9E84 /* Test_NSURLEx.m */,
				585539561F272341004B9E84 /* Test_NSDateEx.h */,
				585539571F272341004B9E84 /* Test_NSDataEx.h */,
				585539581F272341004B9E84 /* Test_NSDateEx.m */,
				585539591F272341004B9E84 /* Test_NSStringEx.h */,
				5855393E1F271A0E004B9E84 /* ExViewController.h */,
				5855393F1F271A0E004B9E84 /* ExViewController.m */,
			);
			path = Extended;
			sourceTree = "<group>";
		};
		585539451F271F3B004B9E84 /* EncryAndDecry */ = {
			isa = PBXGroup;
			children = (
				585539491F272330004B9E84 /* Test_DLDESBase64.m */,
				5855394A1F272330004B9E84 /* Test_DLAES128.h */,
				5855394B1F272330004B9E84 /* Test_DLAES128.m */,
				5855394C1F272330004B9E84 /* Test_DLDESBase64.h */,
				585539461F271F4C004B9E84 /* EncryViewController.h */,
				585539471F271F4C004B9E84 /* EncryViewController.m */,
			);
			path = EncryAndDecry;
			sourceTree = "<group>";
		};
		587563FC1EA86601001D6B97 /* Classes */ = {
			isa = PBXGroup;
			children = (
				58F8A32D1F5030C7002EAA1C /* Vendors */,
				58F8A2E81F501EE0002EAA1C /* ViewComponent */,
				58C75F0A1F3D55600003F6C4 /* HttpMock */,
				58854EBD1F30225B00531D61 /* Log */,
				585539451F271F3B004B9E84 /* EncryAndDecry */,
				5855393D1F2719EA004B9E84 /* Extended */,
				582019461EFCEB55004CA051 /* Test_DLLog.h */,
				582019471EFCEB55004CA051 /* Test_DLLog.m */,
				587563FD1EA86634001D6B97 /* Test_DLHttp.h */,
				587563FE1EA86634001D6B97 /* Test_DLHttp.m */,
				587564031EA868C3001D6B97 /* Test_DLAppInfo.h */,
				587564041EA868C3001D6B97 /* Test_DLAppInfo.m */,
				5875642C1EA8C15A001D6B97 /* Test_DLDocumentPath.h */,
				5875642D1EA8C15A001D6B97 /* Test_DLDocumentPath.m */,
				5875642F1EA8CC4C001D6B97 /* Test_DLDownloadFile.h */,
				587564301EA8CC4C001D6B97 /* Test_DLDownloadFile.m */,
				5891BF281EADC8790014010D /* Test_DLProtocol.h */,
				5891BF291EADC8790014010D /* Test_DLProtocol.m */,
				588DF5AF1EBC190600A90CCC /* Test_DLKeyChain.h */,
				588DF5B01EBC190600A90CCC /* Test_DLKeyChain.m */,
				5855393A1F2715E1004B9E84 /* TBViewController.h */,
				5855393B1F2715E1004B9E84 /* TBViewController.m */,
			);
			path = Classes;
			sourceTree = "<group>";
		};
		587C5DAC1FDE56F8007F235C /* UIKitEx */ = {
			isa = PBXGroup;
			children = (
				587C5DB31FDE58A1007F235C /* SegmentView */,
			);
			path = UIKitEx;
			sourceTree = "<group>";
		};
		587C5DB31FDE58A1007F235C /* SegmentView */ = {
			isa = PBXGroup;
			children = (
				587C5DB81FDE5AAF007F235C /* button_selected_animation.png */,
				587C5DB71FDE5AAF007F235C /* button_selected_animation@2x.png */,
				587C5DB41FDE58BA007F235C /* SegmentViewController.h */,
				587C5DB51FDE58BA007F235C /* SegmentViewController.m */,
			);
			path = SegmentView;
			sourceTree = "<group>";
		};
		58854EBD1F30225B00531D61 /* Log */ = {
			isa = PBXGroup;
			children = (
				58854ED21F30335000531D61 /* AOPStatistic+Handler.h */,
				58854ED31F30335000531D61 /* AOPStatistic+Handler.m */,
				58854EBE1F30228F00531D61 /* StatisticViewController.h */,
				58854EBF1F30228F00531D61 /* StatisticViewController.m */,
				58854EC11F3023EC00531D61 /* StatisticViewControllerA.h */,
				58854EC21F3023EC00531D61 /* StatisticViewControllerA.m */,
				58854EC41F3023FF00531D61 /* StatisticViewControllerB.h */,
				58854EC51F3023FF00531D61 /* StatisticViewControllerB.m */,
				58854EC71F30275200531D61 /* Stastic.plist */,
				58854ED51F305D7200531D61 /* StatisticViewControllerC.h */,
				58854ED61F305D7200531D61 /* StatisticViewControllerC.m */,
			);
			path = Log;
			sourceTree = "<group>";
		};
		58C75F0A1F3D55600003F6C4 /* HttpMock */ = {
			isa = PBXGroup;
			children = (
				58C75F0B1F3D55950003F6C4 /* MockViewController.h */,
				58C75F0C1F3D55950003F6C4 /* MockViewController.m */,
				58C75F0E1F3D576B0003F6C4 /* RequestMock.plist */,
			);
			path = HttpMock;
			sourceTree = "<group>";
		};
		58F8A2E81F501EE0002EAA1C /* ViewComponent */ = {
			isa = PBXGroup;
			children = (
				58F8A2E91F501EE0002EAA1C /* ADCircleBannerView */,
				58F8A2F91F501EE0002EAA1C /* RootViewController */,
			);
			path = ViewComponent;
			sourceTree = "<group>";
		};
		58F8A2E91F501EE0002EAA1C /* ADCircleBannerView */ = {
			isa = PBXGroup;
			children = (
				58F8A2EA1F501EE0002EAA1C /* CircleBannerViewController.h */,
				58F8A2EB1F501EE0002EAA1C /* CircleBannerViewController.m */,
				58F8A2EC1F501EE0002EAA1C /* Resourse */,
			);
			path = ADCircleBannerView;
			sourceTree = "<group>";
		};
		58F8A2EC1F501EE0002EAA1C /* Resourse */ = {
			isa = PBXGroup;
			children = (
				58F8A2ED1F501EE0002EAA1C /* ad_banner_background.png */,
				58F8A2EE1F501EE0002EAA1C /* ad_banner_background@2x.png */,
				58F8A2EF1F501EE0002EAA1C /* ad_banner_circle.png */,
				58F8A2F01F501EE0002EAA1C /* ad_banner_circle@2x.png */,
				58F8A2F11F501EE0002EAA1C /* ad_banner_rectangle.png */,
				58F8A2F21F501EE0002EAA1C /* ad_banner_rectangle@2x.png */,
				58F8A2F31F501EE0002EAA1C /* banner_0.jpg */,
				58F8A2F41F501EE0002EAA1C /* banner_1.jpg */,
				58F8A2F51F501EE0002EAA1C /* banner_2.jpg */,
				58F8A2F61F501EE0002EAA1C /* banner_3.jpg */,
				58F8A2F71F501EE0002EAA1C /* banner_4.jpg */,
				58F8A2F81F501EE0002EAA1C /* banner_5.jpg */,
			);
			path = Resourse;
			sourceTree = "<group>";
		};
		58F8A2F91F501EE0002EAA1C /* RootViewController */ = {
			isa = PBXGroup;
			children = (
				58F8A2FA1F501EE0002EAA1C /* ComponentRootViewController.h */,
				58F8A2FB1F501EE0002EAA1C /* ComponentRootViewController.m */,
			);
			path = RootViewController;
			sourceTree = "<group>";
		};
		58F8A32D1F5030C7002EAA1C /* Vendors */ = {
			isa = PBXGroup;
			children = (
				587C5DAC1FDE56F8007F235C /* UIKitEx */,
				58F8A3691F53C749002EAA1C /* PullToRefreshTable */,
				58F8A32E1F5030D7002EAA1C /* RootViewController */,
			);
			path = Vendors;
			sourceTree = "<group>";
		};
		58F8A32E1F5030D7002EAA1C /* RootViewController */ = {
			isa = PBXGroup;
			children = (
				58F8A3661F53C6E1002EAA1C /* VendorsRootViewController.h */,
				58F8A3671F53C6E1002EAA1C /* VendorsRootViewController.m */,
			);
			path = RootViewController;
			sourceTree = "<group>";
		};
		58F8A3691F53C749002EAA1C /* PullToRefreshTable */ = {
			isa = PBXGroup;
			children = (
				5844178F1FBC3AC80075D393 /* Model */,
				584417901FBC3AD30075D393 /* View */,
				584417911FBC3ADD0075D393 /* Controller */,
				5844178E1FBC3ABB0075D393 /* Category */,
				584417641FBC184A0075D393 /* Resourse */,
			);
			path = PullToRefreshTable;
			sourceTree = "<group>";
		};
		6003F581195388D10070C39A = {
			isa = PBXGroup;
			children = (
				587563FC1EA86601001D6B97 /* Classes */,
				60FF7A9C1954A5C5007DD14C /* Podspec Metadata */,
				6003F593195388D20070C39A /* Example for DLKit */,
				6003F5B5195388D20070C39A /* Tests */,
				6003F58C195388D20070C39A /* Frameworks */,
				6003F58B195388D20070C39A /* Products */,
				194FF919380681AF442E8643 /* Pods */,
			);
			sourceTree = "<group>";
		};
		6003F58B195388D20070C39A /* Products */ = {
			isa = PBXGroup;
			children = (
				6003F58A195388D20070C39A /* DLKit_Example.app */,
				6003F5AE195388D20070C39A /* DLKit_Tests.xctest */,
			);
			name = Products;
			sourceTree = "<group>";
		};
		6003F58C195388D20070C39A /* Frameworks */ = {
			isa = PBXGroup;
			children = (
				58B06BFD1E83D2C900C2C661 /* AdSupport.framework */,
				6003F58D195388D20070C39A /* Foundation.framework */,
				6003F58F195388D20070C39A /* CoreGraphics.framework */,
				6003F591195388D20070C39A /* UIKit.framework */,
				6003F5AF195388D20070C39A /* XCTest.framework */,
				0CE890C1438AD4562A9DC7E9 /* Pods_DLKit_Example.framework */,
				5A38884C4475B472723E9E1D /* Pods_DLKit_Tests.framework */,
			);
			name = Frameworks;
			sourceTree = "<group>";
		};
		6003F593195388D20070C39A /* Example for DLKit */ = {
			isa = PBXGroup;
			children = (
				6003F59C195388D20070C39A /* DLAppDelegate.h */,
				6003F59D195388D20070C39A /* DLAppDelegate.m */,
				873B8AEA1B1F5CCA007FD442 /* Main.storyboard */,
				6003F5A5195388D20070C39A /* DLViewController.h */,
				6003F5A6195388D20070C39A /* DLViewController.m */,
				71719F9D1E33DC2100824A3D /* LaunchScreen.storyboard */,
				6003F5A8195388D20070C39A /* Images.xcassets */,
				6003F594195388D20070C39A /* Supporting Files */,
			);
			name = "Example for DLKit";
			path = DLKit;
			sourceTree = "<group>";
		};
		6003F594195388D20070C39A /* Supporting Files */ = {
			isa = PBXGroup;
			children = (
				6003F595195388D20070C39A /* DLKit-Info.plist */,
				6003F596195388D20070C39A /* InfoPlist.strings */,
				6003F599195388D20070C39A /* main.m */,
				6003F59B195388D20070C39A /* DLKit-Prefix.pch */,
			);
			name = "Supporting Files";
			sourceTree = "<group>";
		};
		6003F5B5195388D20070C39A /* Tests */ = {
			isa = PBXGroup;
			children = (
				6003F5BB195388D20070C39A /* Tests.m */,
				6003F5B6195388D20070C39A /* Supporting Files */,
			);
			path = Tests;
			sourceTree = "<group>";
		};
		6003F5B6195388D20070C39A /* Supporting Files */ = {
			isa = PBXGroup;
			children = (
				6003F5B7195388D20070C39A /* Tests-Info.plist */,
				6003F5B8195388D20070C39A /* InfoPlist.strings */,
				606FC2411953D9B200FFA9A0 /* Tests-Prefix.pch */,
			);
			name = "Supporting Files";
			sourceTree = "<group>";
		};
		60FF7A9C1954A5C5007DD14C /* Podspec Metadata */ = {
			isa = PBXGroup;
			children = (
				1642409E52B791758F988972 /* DLKit.podspec */,
				F8054749C2378C2CDD260BC9 /* README.md */,
				281BD7B4B30515E7938C8B6B /* LICENSE */,
			);
			name = "Podspec Metadata";
			sourceTree = "<group>";
		};
/* End PBXGroup section */

/* Begin PBXNativeTarget section */
		6003F589195388D20070C39A /* DLKit_Example */ = {
			isa = PBXNativeTarget;
			buildConfigurationList = 6003F5BF195388D20070C39A /* Build configuration list for PBXNativeTarget "DLKit_Example" */;
			buildPhases = (
				C04E188505907B1413CDDB20 /* [CP] Check Pods Manifest.lock */,
				6003F586195388D20070C39A /* Sources */,
				6003F587195388D20070C39A /* Frameworks */,
				6003F588195388D20070C39A /* Resources */,
				DEB4DF20CF8DB41306FDCB8C /* [CP] Embed Pods Frameworks */,
				0375B2B5D62A9489D29E3AAC /* [CP] Copy Pods Resources */,
			);
			buildRules = (
			);
			dependencies = (
			);
			name = DLKit_Example;
			productName = DLKit;
			productReference = 6003F58A195388D20070C39A /* DLKit_Example.app */;
			productType = "com.apple.product-type.application";
		};
		6003F5AD195388D20070C39A /* DLKit_Tests */ = {
			isa = PBXNativeTarget;
			buildConfigurationList = 6003F5C2195388D20070C39A /* Build configuration list for PBXNativeTarget "DLKit_Tests" */;
			buildPhases = (
				8DCA93BC076574E7FD340FE4 /* [CP] Check Pods Manifest.lock */,
				6003F5AA195388D20070C39A /* Sources */,
				6003F5AB195388D20070C39A /* Frameworks */,
				6003F5AC195388D20070C39A /* Resources */,
				A4F4BECCD8A85B4EC10A0C49 /* [CP] Embed Pods Frameworks */,
				C4E061A703857863B6B91F11 /* [CP] Copy Pods Resources */,
			);
			buildRules = (
			);
			dependencies = (
				6003F5B4195388D20070C39A /* PBXTargetDependency */,
			);
			name = DLKit_Tests;
			productName = DLKitTests;
			productReference = 6003F5AE195388D20070C39A /* DLKit_Tests.xctest */;
			productType = "com.apple.product-type.bundle.unit-test";
		};
/* End PBXNativeTarget section */

/* Begin PBXProject section */
		6003F582195388D10070C39A /* Project object */ = {
			isa = PBXProject;
			attributes = {
				CLASSPREFIX = DL;
				LastUpgradeCheck = 0720;
				ORGANIZATIONNAME = "707689817@qq.com";
				TargetAttributes = {
					6003F589195388D20070C39A = {
						DevelopmentTeam = UF7L9NXVHG;
						ProvisioningStyle = Automatic;
					};
					6003F5AD195388D20070C39A = {
						LastSwiftMigration = 0820;
						TestTargetID = 6003F589195388D20070C39A;
					};
				};
			};
			buildConfigurationList = 6003F585195388D10070C39A /* Build configuration list for PBXProject "DLKit" */;
			compatibilityVersion = "Xcode 3.2";
			developmentRegion = English;
			hasScannedForEncodings = 0;
			knownRegions = (
				en,
				Base,
			);
			mainGroup = 6003F581195388D10070C39A;
			productRefGroup = 6003F58B195388D20070C39A /* Products */;
			projectDirPath = "";
			projectRoot = "";
			targets = (
				6003F589195388D20070C39A /* DLKit_Example */,
				6003F5AD195388D20070C39A /* DLKit_Tests */,
			);
		};
/* End PBXProject section */

/* Begin PBXResourcesBuildPhase section */
		6003F588195388D20070C39A /* Resources */ = {
			isa = PBXResourcesBuildPhase;
			buildActionMask = 2147483647;
			files = (
				58854EC81F30275200531D61 /* Stastic.plist in Resources */,
				5875DB411FEA66450033703E /* pulldown@2x.gif in Resources */,
				58F8A2FE1F501EE0002EAA1C /* ad_banner_background@2x.png in Resources */,
				873B8AEB1B1F5CCA007FD442 /* Main.storyboard in Resources */,
				58F8A3061F501EE0002EAA1C /* banner_3.jpg in Resources */,
				58F8A2FF1F501EE0002EAA1C /* ad_banner_circle.png in Resources */,
				71719F9F1E33DC2100824A3D /* LaunchScreen.storyboard in Resources */,
				5875DB421FEA66450033703E /* pulldown.gif in Resources */,
				58F8A3021F501EE0002EAA1C /* ad_banner_rectangle@2x.png in Resources */,
				58F8A3001F501EE0002EAA1C /* ad_banner_circle@2x.png in Resources */,
				58F8A3041F501EE0002EAA1C /* banner_1.jpg in Resources */,
				6003F5A9195388D20070C39A /* Images.xcassets in Resources */,
				584417891FBC28D40075D393 /* searchLoading.gif in Resources */,
				587C5DBA1FDE5AB0007F235C /* button_selected_animation.png in Resources */,
				584417681FBC18520075D393 /* ipad_no_network@2x.png in Resources */,
				5844178A1FBC28D40075D393 /* searchLoading@2x.gif in Resources */,
				58C75F0F1F3D576B0003F6C4 /* RequestMock.plist in Resources */,
				58F8A3031F501EE0002EAA1C /* banner_0.jpg in Resources */,
				58F8A3071F501EE0002EAA1C /* banner_4.jpg in Resources */,
				584417671FBC18520075D393 /* ipad_no_network.png in Resources */,
				587C5DB91FDE5AB0007F235C /* button_selected_animation@2x.png in Resources */,
				58F8A2FD1F501EE0002EAA1C /* ad_banner_background.png in Resources */,
				58F8A3051F501EE0002EAA1C /* banner_2.jpg in Resources */,
				58F8A3081F501EE0002EAA1C /* banner_5.jpg in Resources */,
				6003F598195388D20070C39A /* InfoPlist.strings in Resources */,
				58F8A3011F501EE0002EAA1C /* ad_banner_rectangle.png in Resources */,
			);
			runOnlyForDeploymentPostprocessing = 0;
		};
		6003F5AC195388D20070C39A /* Resources */ = {
			isa = PBXResourcesBuildPhase;
			buildActionMask = 2147483647;
			files = (
				6003F5BA195388D20070C39A /* InfoPlist.strings in Resources */,
			);
			runOnlyForDeploymentPostprocessing = 0;
		};
/* End PBXResourcesBuildPhase section */

/* Begin PBXShellScriptBuildPhase section */
		0375B2B5D62A9489D29E3AAC /* [CP] Copy Pods Resources */ = {
			isa = PBXShellScriptBuildPhase;
			buildActionMask = 2147483647;
			files = (
			);
			inputPaths = (
			);
			name = "[CP] Copy Pods Resources";
			outputPaths = (
			);
			runOnlyForDeploymentPostprocessing = 0;
			shellPath = /bin/sh;
			shellScript = "\"${SRCROOT}/Pods/Target Support Files/Pods-DLKit_Example/Pods-DLKit_Example-resources.sh\"\n";
			showEnvVarsInLog = 0;
		};
		8DCA93BC076574E7FD340FE4 /* [CP] Check Pods Manifest.lock */ = {
			isa = PBXShellScriptBuildPhase;
			buildActionMask = 2147483647;
			files = (
			);
			inputPaths = (
			);
			name = "[CP] Check Pods Manifest.lock";
			outputPaths = (
			);
			runOnlyForDeploymentPostprocessing = 0;
			shellPath = /bin/sh;
			shellScript = "diff \"${PODS_ROOT}/../Podfile.lock\" \"${PODS_ROOT}/Manifest.lock\" > /dev/null\nif [ $? != 0 ] ; then\n    # print error to STDERR\n    echo \"error: The sandbox is not in sync with the Podfile.lock. Run 'pod install' or update your CocoaPods installation.\" >&2\n    exit 1\nfi\n";
			showEnvVarsInLog = 0;
		};
		A4F4BECCD8A85B4EC10A0C49 /* [CP] Embed Pods Frameworks */ = {
			isa = PBXShellScriptBuildPhase;
			buildActionMask = 2147483647;
			files = (
			);
			inputPaths = (
			);
			name = "[CP] Embed Pods Frameworks";
			outputPaths = (
			);
			runOnlyForDeploymentPostprocessing = 0;
			shellPath = /bin/sh;
			shellScript = "\"${SRCROOT}/Pods/Target Support Files/Pods-DLKit_Tests/Pods-DLKit_Tests-frameworks.sh\"\n";
			showEnvVarsInLog = 0;
		};
		C04E188505907B1413CDDB20 /* [CP] Check Pods Manifest.lock */ = {
			isa = PBXShellScriptBuildPhase;
			buildActionMask = 2147483647;
			files = (
			);
			inputPaths = (
			);
			name = "[CP] Check Pods Manifest.lock";
			outputPaths = (
			);
			runOnlyForDeploymentPostprocessing = 0;
			shellPath = /bin/sh;
			shellScript = "diff \"${PODS_ROOT}/../Podfile.lock\" \"${PODS_ROOT}/Manifest.lock\" > /dev/null\nif [ $? != 0 ] ; then\n    # print error to STDERR\n    echo \"error: The sandbox is not in sync with the Podfile.lock. Run 'pod install' or update your CocoaPods installation.\" >&2\n    exit 1\nfi\n";
			showEnvVarsInLog = 0;
		};
		C4E061A703857863B6B91F11 /* [CP] Copy Pods Resources */ = {
			isa = PBXShellScriptBuildPhase;
			buildActionMask = 2147483647;
			files = (
			);
			inputPaths = (
			);
			name = "[CP] Copy Pods Resources";
			outputPaths = (
			);
			runOnlyForDeploymentPostprocessing = 0;
			shellPath = /bin/sh;
			shellScript = "\"${SRCROOT}/Pods/Target Support Files/Pods-DLKit_Tests/Pods-DLKit_Tests-resources.sh\"\n";
			showEnvVarsInLog = 0;
		};
		DEB4DF20CF8DB41306FDCB8C /* [CP] Embed Pods Frameworks */ = {
			isa = PBXShellScriptBuildPhase;
			buildActionMask = 2147483647;
			files = (
			);
			inputPaths = (
			);
			name = "[CP] Embed Pods Frameworks";
			outputPaths = (
			);
			runOnlyForDeploymentPostprocessing = 0;
			shellPath = /bin/sh;
			shellScript = "\"${SRCROOT}/Pods/Target Support Files/Pods-DLKit_Example/Pods-DLKit_Example-frameworks.sh\"\n";
			showEnvVarsInLog = 0;
		};
/* End PBXShellScriptBuildPhase section */

/* Begin PBXSourcesBuildPhase section */
		6003F586195388D20070C39A /* Sources */ = {
			isa = PBXSourcesBuildPhase;
			buildActionMask = 2147483647;
			files = (
				58854EC31F3023EC00531D61 /* StatisticViewControllerA.m in Sources */,
				5844179F1FBC3B290075D393 /* BaseViewController.m in Sources */,
				6003F59E195388D20070C39A /* DLAppDelegate.m in Sources */,
				58F8A3091F501EE0002EAA1C /* ComponentRootViewController.m in Sources */,
				5891BF2A1EADC8790014010D /* Test_DLProtocol.m in Sources */,
				587564051EA868C3001D6B97 /* Test_DLAppInfo.m in Sources */,
				584417A01FBC3B290075D393 /* RefreshTableViewController.m in Sources */,
				5855394E1F272330004B9E84 /* Test_DLAES128.m in Sources */,
				6003F5A7195388D20070C39A /* DLViewController.m in Sources */,
				5855395A1F272341004B9E84 /* Test_NSStringEx.m in Sources */,
				6003F59A195388D20070C39A /* main.m in Sources */,
				58854ED41F30335000531D61 /* AOPStatistic+Handler.m in Sources */,
				5855395D1F272341004B9E84 /* Test_NSDateEx.m in Sources */,
				587563FF1EA86634001D6B97 /* Test_DLHttp.m in Sources */,
				58C75F0D1F3D55950003F6C4 /* MockViewController.m in Sources */,
				5844179A1FBC3B220075D393 /* LoadingView.m in Sources */,
				5875DB481FEA684B0033703E /* PullToRefreshTable+CustomView.m in Sources */,
				582019481EFCEB55004CA051 /* Test_DLLog.m in Sources */,
				584417991FBC3B220075D393 /* CaptionView.m in Sources */,
				58F8A3681F53C6E1002EAA1C /* VendorsRootViewController.m in Sources */,
				585539481F271F4C004B9E84 /* EncryViewController.m in Sources */,
				5855395C1F272341004B9E84 /* Test_NSURLEx.m in Sources */,
				58F8A2FC1F501EE0002EAA1C /* CircleBannerViewController.m in Sources */,
				588DF5B11EBC190600A90CCC /* Test_DLKeyChain.m in Sources */,
				5875642E1EA8C15A001D6B97 /* Test_DLDocumentPath.m in Sources */,
				5855395B1F272341004B9E84 /* Test_NSDataEx.m in Sources */,
				587C5DB61FDE58BA007F235C /* SegmentViewController.m in Sources */,
				584417941FBC3B1A0075D393 /* MapModel.m in Sources */,
				5855393C1F2715E1004B9E84 /* TBViewController.m in Sources */,
				585539401F271A0E004B9E84 /* ExViewController.m in Sources */,
				587564311EA8CC4C001D6B97 /* Test_DLDownloadFile.m in Sources */,
				5855394D1F272330004B9E84 /* Test_DLDESBase64.m in Sources */,
				58854EC61F3023FF00531D61 /* StatisticViewControllerB.m in Sources */,
				584417A61FBC3B300075D393 /* BaseViewController+LoadingView.m in Sources */,
				58854EC01F30228F00531D61 /* StatisticViewController.m in Sources */,
				584417A51FBC3B300075D393 /* BaseViewController+CaptionView.m in Sources */,
				58854ED71F305D7200531D61 /* StatisticViewControllerC.m in Sources */,
			);
			runOnlyForDeploymentPostprocessing = 0;
		};
		6003F5AA195388D20070C39A /* Sources */ = {
			isa = PBXSourcesBuildPhase;
			buildActionMask = 2147483647;
			files = (
				6003F5BC195388D20070C39A /* Tests.m in Sources */,
			);
			runOnlyForDeploymentPostprocessing = 0;
		};
/* End PBXSourcesBuildPhase section */

/* Begin PBXTargetDependency section */
		6003F5B4195388D20070C39A /* PBXTargetDependency */ = {
			isa = PBXTargetDependency;
			target = 6003F589195388D20070C39A /* DLKit_Example */;
			targetProxy = 6003F5B3195388D20070C39A /* PBXContainerItemProxy */;
		};
/* End PBXTargetDependency section */

/* Begin PBXVariantGroup section */
		6003F596195388D20070C39A /* InfoPlist.strings */ = {
			isa = PBXVariantGroup;
			children = (
				6003F597195388D20070C39A /* en */,
			);
			name = InfoPlist.strings;
			sourceTree = "<group>";
		};
		6003F5B8195388D20070C39A /* InfoPlist.strings */ = {
			isa = PBXVariantGroup;
			children = (
				6003F5B9195388D20070C39A /* en */,
			);
			name = InfoPlist.strings;
			sourceTree = "<group>";
		};
		71719F9D1E33DC2100824A3D /* LaunchScreen.storyboard */ = {
			isa = PBXVariantGroup;
			children = (
				71719F9E1E33DC2100824A3D /* Base */,
			);
			name = LaunchScreen.storyboard;
			sourceTree = "<group>";
		};
/* End PBXVariantGroup section */

/* Begin XCBuildConfiguration section */
		6003F5BD195388D20070C39A /* Debug */ = {
			isa = XCBuildConfiguration;
			buildSettings = {
				ALWAYS_SEARCH_USER_PATHS = NO;
				CLANG_CXX_LANGUAGE_STANDARD = "gnu++0x";
				CLANG_CXX_LIBRARY = "libc++";
				CLANG_ENABLE_MODULES = YES;
				CLANG_ENABLE_OBJC_ARC = YES;
				CLANG_WARN_BOOL_CONVERSION = YES;
				CLANG_WARN_CONSTANT_CONVERSION = YES;
				CLANG_WARN_DIRECT_OBJC_ISA_USAGE = YES_ERROR;
				CLANG_WARN_EMPTY_BODY = YES;
				CLANG_WARN_ENUM_CONVERSION = YES;
				CLANG_WARN_INT_CONVERSION = YES;
				CLANG_WARN_OBJC_ROOT_CLASS = YES_ERROR;
				CLANG_WARN__DUPLICATE_METHOD_MATCH = YES;
				"CODE_SIGN_IDENTITY[sdk=iphoneos*]" = "iPhone Developer";
				COPY_PHASE_STRIP = NO;
				ENABLE_TESTABILITY = YES;
				GCC_C_LANGUAGE_STANDARD = gnu99;
				GCC_DYNAMIC_NO_PIC = NO;
				GCC_OPTIMIZATION_LEVEL = 0;
				GCC_PREPROCESSOR_DEFINITIONS = (
					"DEBUG=1",
					"$(inherited)",
				);
				GCC_SYMBOLS_PRIVATE_EXTERN = NO;
				GCC_WARN_64_TO_32_BIT_CONVERSION = YES;
				GCC_WARN_ABOUT_RETURN_TYPE = YES_ERROR;
				GCC_WARN_UNDECLARED_SELECTOR = YES;
				GCC_WARN_UNINITIALIZED_AUTOS = YES_AGGRESSIVE;
				GCC_WARN_UNUSED_FUNCTION = YES;
				GCC_WARN_UNUSED_VARIABLE = YES;
				IPHONEOS_DEPLOYMENT_TARGET = 8.3;
				ONLY_ACTIVE_ARCH = YES;
				SDKROOT = iphoneos;
				TARGETED_DEVICE_FAMILY = "1,2";
			};
			name = Debug;
		};
		6003F5BE195388D20070C39A /* Release */ = {
			isa = XCBuildConfiguration;
			buildSettings = {
				ALWAYS_SEARCH_USER_PATHS = NO;
				CLANG_CXX_LANGUAGE_STANDARD = "gnu++0x";
				CLANG_CXX_LIBRARY = "libc++";
				CLANG_ENABLE_MODULES = YES;
				CLANG_ENABLE_OBJC_ARC = YES;
				CLANG_WARN_BOOL_CONVERSION = YES;
				CLANG_WARN_CONSTANT_CONVERSION = YES;
				CLANG_WARN_DIRECT_OBJC_ISA_USAGE = YES_ERROR;
				CLANG_WARN_EMPTY_BODY = YES;
				CLANG_WARN_ENUM_CONVERSION = YES;
				CLANG_WARN_INT_CONVERSION = YES;
				CLANG_WARN_OBJC_ROOT_CLASS = YES_ERROR;
				CLANG_WARN__DUPLICATE_METHOD_MATCH = YES;
				"CODE_SIGN_IDENTITY[sdk=iphoneos*]" = "iPhone Developer";
				COPY_PHASE_STRIP = YES;
				ENABLE_NS_ASSERTIONS = NO;
				GCC_C_LANGUAGE_STANDARD = gnu99;
				GCC_WARN_64_TO_32_BIT_CONVERSION = YES;
				GCC_WARN_ABOUT_RETURN_TYPE = YES_ERROR;
				GCC_WARN_UNDECLARED_SELECTOR = YES;
				GCC_WARN_UNINITIALIZED_AUTOS = YES_AGGRESSIVE;
				GCC_WARN_UNUSED_FUNCTION = YES;
				GCC_WARN_UNUSED_VARIABLE = YES;
				IPHONEOS_DEPLOYMENT_TARGET = 8.3;
				SDKROOT = iphoneos;
				TARGETED_DEVICE_FAMILY = "1,2";
				VALIDATE_PRODUCT = YES;
			};
			name = Release;
		};
		6003F5C0195388D20070C39A /* Debug */ = {
			isa = XCBuildConfiguration;
			baseConfigurationReference = 550A7018D9B3979C68F013E7 /* Pods-DLKit_Example.debug.xcconfig */;
			buildSettings = {
				ASSETCATALOG_COMPILER_APPICON_NAME = AppIcon;
				CODE_SIGN_IDENTITY = "iPhone Developer";
				"CODE_SIGN_IDENTITY[sdk=iphoneos*]" = "iPhone Developer";
				DEVELOPMENT_TEAM = UF7L9NXVHG;
				GCC_PRECOMPILE_PREFIX_HEADER = YES;
				GCC_PREFIX_HEADER = "DLKit/DLKit-Prefix.pch";
				INFOPLIST_FILE = "DLKit/DLKit-Info.plist";
				IPHONEOS_DEPLOYMENT_TARGET = 8.0;
				MODULE_NAME = ExampleApp;
				PRODUCT_BUNDLE_IDENTIFIER = com.netex.ex;
				PRODUCT_NAME = "$(TARGET_NAME)";
				PROVISIONING_PROFILE = "";
				PROVISIONING_PROFILE_SPECIFIER = "";
				TARGETED_DEVICE_FAMILY = "1,2";
				WARNING_CFLAGS = (
					"-Wno-missing-prototypes",
					"-Wno-format",
				);
				WRAPPER_EXTENSION = app;
			};
			name = Debug;
		};
		6003F5C1195388D20070C39A /* Release */ = {
			isa = XCBuildConfiguration;
			baseConfigurationReference = 57729D19D699A6950B2D91E6 /* Pods-DLKit_Example.release.xcconfig */;
			buildSettings = {
				ASSETCATALOG_COMPILER_APPICON_NAME = AppIcon;
				"CODE_SIGN_IDENTITY[sdk=iphoneos*]" = "iPhone Developer";
				DEVELOPMENT_TEAM = UF7L9NXVHG;
				GCC_PRECOMPILE_PREFIX_HEADER = YES;
				GCC_PREFIX_HEADER = "DLKit/DLKit-Prefix.pch";
				INFOPLIST_FILE = "DLKit/DLKit-Info.plist";
				IPHONEOS_DEPLOYMENT_TARGET = 8.0;
				MODULE_NAME = ExampleApp;
				PRODUCT_BUNDLE_IDENTIFIER = com.netex.ex;
				PRODUCT_NAME = "$(TARGET_NAME)";
				PROVISIONING_PROFILE = "";
				PROVISIONING_PROFILE_SPECIFIER = "";
				TARGETED_DEVICE_FAMILY = "1,2";
				WARNING_CFLAGS = (
					"-Wno-missing-prototypes",
					"-Wno-format",
				);
				WRAPPER_EXTENSION = app;
			};
			name = Release;
		};
		6003F5C3195388D20070C39A /* Debug */ = {
			isa = XCBuildConfiguration;
			baseConfigurationReference = EBABA03EDE44FF0ABF6C71C3 /* Pods-DLKit_Tests.debug.xcconfig */;
			buildSettings = {
				BUNDLE_LOADER = "$(TEST_HOST)";
				FRAMEWORK_SEARCH_PATHS = (
					"$(SDKROOT)/Developer/Library/Frameworks",
					"$(inherited)",
					"$(DEVELOPER_FRAMEWORKS_DIR)",
				);
				GCC_PRECOMPILE_PREFIX_HEADER = YES;
				GCC_PREFIX_HEADER = "Tests/Tests-Prefix.pch";
				GCC_PREPROCESSOR_DEFINITIONS = (
					"DEBUG=1",
					"$(inherited)",
				);
				INFOPLIST_FILE = "Tests/Tests-Info.plist";
				PRODUCT_BUNDLE_IDENTIFIER = "org.cocoapods.demo.${PRODUCT_NAME:rfc1034identifier}";
				PRODUCT_NAME = "$(TARGET_NAME)";
				SWIFT_VERSION = 3.0;
				TEST_HOST = "$(BUILT_PRODUCTS_DIR)/DLKit_Example.app/DLKit_Example";
				WRAPPER_EXTENSION = xctest;
			};
			name = Debug;
		};
		6003F5C4195388D20070C39A /* Release */ = {
			isa = XCBuildConfiguration;
			baseConfigurationReference = EBDB0FAC0DF03A2F4D816565 /* Pods-DLKit_Tests.release.xcconfig */;
			buildSettings = {
				BUNDLE_LOADER = "$(TEST_HOST)";
				FRAMEWORK_SEARCH_PATHS = (
					"$(SDKROOT)/Developer/Library/Frameworks",
					"$(inherited)",
					"$(DEVELOPER_FRAMEWORKS_DIR)",
				);
				GCC_PRECOMPILE_PREFIX_HEADER = YES;
				GCC_PREFIX_HEADER = "Tests/Tests-Prefix.pch";
				INFOPLIST_FILE = "Tests/Tests-Info.plist";
				PRODUCT_BUNDLE_IDENTIFIER = "org.cocoapods.demo.${PRODUCT_NAME:rfc1034identifier}";
				PRODUCT_NAME = "$(TARGET_NAME)";
				SWIFT_VERSION = 3.0;
				TEST_HOST = "$(BUILT_PRODUCTS_DIR)/DLKit_Example.app/DLKit_Example";
				WRAPPER_EXTENSION = xctest;
			};
			name = Release;
		};
/* End XCBuildConfiguration section */

/* Begin XCConfigurationList section */
		6003F585195388D10070C39A /* Build configuration list for PBXProject "DLKit" */ = {
			isa = XCConfigurationList;
			buildConfigurations = (
				6003F5BD195388D20070C39A /* Debug */,
				6003F5BE195388D20070C39A /* Release */,
			);
			defaultConfigurationIsVisible = 0;
			defaultConfigurationName = Release;
		};
		6003F5BF195388D20070C39A /* Build configuration list for PBXNativeTarget "DLKit_Example" */ = {
			isa = XCConfigurationList;
			buildConfigurations = (
				6003F5C0195388D20070C39A /* Debug */,
				6003F5C1195388D20070C39A /* Release */,
			);
			defaultConfigurationIsVisible = 0;
			defaultConfigurationName = Release;
		};
		6003F5C2195388D20070C39A /* Build configuration list for PBXNativeTarget "DLKit_Tests" */ = {
			isa = XCConfigurationList;
			buildConfigurations = (
				6003F5C3195388D20070C39A /* Debug */,
				6003F5C4195388D20070C39A /* Release */,
			);
			defaultConfigurationIsVisible = 0;
			defaultConfigurationName = Release;
		};
/* End XCConfigurationList section */
	};
	rootObject = 6003F582195388D10070C39A /* Project object */;
}
